// !$*UTF8*$!
{
	archiveVersion = 1;
	classes = {
	};
	objectVersion = 46;
	objects = {

/* Begin PBXBuildFile section */
		840F7055192A823100CDAFD4 /* TSSQLiteDB.m in Sources */ = {isa = PBXBuildFile; fileRef = 840F7054192A823100CDAFD4 /* TSSQLiteDB.m */; };
		840F7058192A89CE00CDAFD4 /* TSYahooWeather.m in Sources */ = {isa = PBXBuildFile; fileRef = 840F7057192A89CE00CDAFD4 /* TSYahooWeather.m */; };
		840F705B192A94F700CDAFD4 /* TSSettings.m in Sources */ = {isa = PBXBuildFile; fileRef = 840F705A192A94F700CDAFD4 /* TSSettings.m */; };
		840F7130192F897700CDAFD4 /* TSHistoriController.m in Sources */ = {isa = PBXBuildFile; fileRef = 840F712F192F897700CDAFD4 /* TSHistoriController.m */; };
		8421EA26192389E3001465BB /* CoreData.framework in Frameworks */ = {isa = PBXBuildFile; fileRef = 8421EA25192389E3001465BB /* CoreData.framework */; };
		8421EA29192398C6001465BB /* TSDB.m in Sources */ = {isa = PBXBuildFile; fileRef = 8421EA28192398C6001465BB /* TSDB.m */; };
		8424BAAA19228AD500BCE56F /* Foundation.framework in Frameworks */ = {isa = PBXBuildFile; fileRef = 8424BAA919228AD500BCE56F /* Foundation.framework */; };
		8424BAAC19228AD500BCE56F /* CoreGraphics.framework in Frameworks */ = {isa = PBXBuildFile; fileRef = 8424BAAB19228AD500BCE56F /* CoreGraphics.framework */; };
		8424BAAE19228AD500BCE56F /* UIKit.framework in Frameworks */ = {isa = PBXBuildFile; fileRef = 8424BAAD19228AD500BCE56F /* UIKit.framework */; };
		8424BAB419228AD500BCE56F /* InfoPlist.strings in Resources */ = {isa = PBXBuildFile; fileRef = 8424BAB219228AD500BCE56F /* InfoPlist.strings */; };
		8424BAB619228AD500BCE56F /* main.m in Sources */ = {isa = PBXBuildFile; fileRef = 8424BAB519228AD500BCE56F /* main.m */; };
		8424BABA19228AD500BCE56F /* TSAppDelegate.m in Sources */ = {isa = PBXBuildFile; fileRef = 8424BAB919228AD500BCE56F /* TSAppDelegate.m */; };
		8424BABD19228AD500BCE56F /* Main_iPhone.storyboard in Resources */ = {isa = PBXBuildFile; fileRef = 8424BABB19228AD500BCE56F /* Main_iPhone.storyboard */; };
		8424BAC019228AD500BCE56F /* Main_iPad.storyboard in Resources */ = {isa = PBXBuildFile; fileRef = 8424BABE19228AD500BCE56F /* Main_iPad.storyboard */; };
		8424BAC319228AD500BCE56F /* TSFirstViewController.m in Sources */ = {isa = PBXBuildFile; fileRef = 8424BAC219228AD500BCE56F /* TSFirstViewController.m */; };
		8424BAC619228AD500BCE56F /* TSSecondViewController.m in Sources */ = {isa = PBXBuildFile; fileRef = 8424BAC519228AD500BCE56F /* TSSecondViewController.m */; };
		8424BAC819228AD500BCE56F /* Images.xcassets in Resources */ = {isa = PBXBuildFile; fileRef = 8424BAC719228AD500BCE56F /* Images.xcassets */; };
		8424BACF19228AD500BCE56F /* XCTest.framework in Frameworks */ = {isa = PBXBuildFile; fileRef = 8424BACE19228AD500BCE56F /* XCTest.framework */; };
		8424BAD019228AD500BCE56F /* Foundation.framework in Frameworks */ = {isa = PBXBuildFile; fileRef = 8424BAA919228AD500BCE56F /* Foundation.framework */; };
		8424BAD119228AD500BCE56F /* UIKit.framework in Frameworks */ = {isa = PBXBuildFile; fileRef = 8424BAAD19228AD500BCE56F /* UIKit.framework */; };
		8424BAD919228AD500BCE56F /* InfoPlist.strings in Resources */ = {isa = PBXBuildFile; fileRef = 8424BAD719228AD500BCE56F /* InfoPlist.strings */; };
		8424BADB19228AD500BCE56F /* WeatherTests.m in Sources */ = {isa = PBXBuildFile; fileRef = 8424BADA19228AD500BCE56F /* WeatherTests.m */; };
		8424BAE819228C6200BCE56F /* Db.png in Resources */ = {isa = PBXBuildFile; fileRef = 8424BAE519228C6200BCE56F /* Db.png */; };
		8424BAE919228C6200BCE56F /* Setings.png in Resources */ = {isa = PBXBuildFile; fileRef = 8424BAE619228C6200BCE56F /* Setings.png */; };
		8424BAEA19228C6200BCE56F /* Wather1.png in Resources */ = {isa = PBXBuildFile; fileRef = 8424BAE719228C6200BCE56F /* Wather1.png */; };
		8424BAEE1922919D00BCE56F /* TSXMLParser.m in Sources */ = {isa = PBXBuildFile; fileRef = 8424BAED1922919D00BCE56F /* TSXMLParser.m */; };
		849D0593196FF0C400B25E5E /* TSCoreDataDB.m in Sources */ = {isa = PBXBuildFile; fileRef = 849D0592196FF0C400B25E5E /* TSCoreDataDB.m */; };
		849D0596197015E600B25E5E /* TSBaseDB.m in Sources */ = {isa = PBXBuildFile; fileRef = 849D0595197015E600B25E5E /* TSBaseDB.m */; };
		849E3A8A19671539003E40D6 /* FMDatabase+InMemoryOnDiskIO.m in Sources */ = {isa = PBXBuildFile; fileRef = 849E3A7B19671539003E40D6 /* FMDatabase+InMemoryOnDiskIO.m */; };
		849E3A8B19671539003E40D6 /* FMDatabase.m in Sources */ = {isa = PBXBuildFile; fileRef = 849E3A7E19671539003E40D6 /* FMDatabase.m */; };
		849E3A8C19671539003E40D6 /* FMDatabaseAdditions.m in Sources */ = {isa = PBXBuildFile; fileRef = 849E3A8019671539003E40D6 /* FMDatabaseAdditions.m */; };
		849E3A8D19671539003E40D6 /* FMDatabasePool.m in Sources */ = {isa = PBXBuildFile; fileRef = 849E3A8219671539003E40D6 /* FMDatabasePool.m */; };
		849E3A8E19671539003E40D6 /* FMDatabaseQueue.m in Sources */ = {isa = PBXBuildFile; fileRef = 849E3A8419671539003E40D6 /* FMDatabaseQueue.m */; };
		849E3A8F19671539003E40D6 /* FMResultSet.m in Sources */ = {isa = PBXBuildFile; fileRef = 849E3A8719671539003E40D6 /* FMResultSet.m */; };
		849E3A94196967CA003E40D6 /* libsqlite3.0.dylib in Frameworks */ = {isa = PBXBuildFile; fileRef = 849E3A93196967CA003E40D6 /* libsqlite3.0.dylib */; };
		84A05493193460B700EBBD0C /* TSCoreData.xcdatamodeld in Sources */ = {isa = PBXBuildFile; fileRef = 84A05491193460B700EBBD0C /* TSCoreData.xcdatamodeld */; };
/* End PBXBuildFile section */

/* Begin PBXContainerItemProxy section */
		8424BAD219228AD500BCE56F /* PBXContainerItemProxy */ = {
			isa = PBXContainerItemProxy;
			containerPortal = 8424BA9E19228AD500BCE56F /* Project object */;
			proxyType = 1;
			remoteGlobalIDString = 8424BAA519228AD500BCE56F;
			remoteInfo = Weather;
		};
/* End PBXContainerItemProxy section */

/* Begin PBXFileReference section */
		840F7053192A823100CDAFD4 /* TSSQLiteDB.h */ = {isa = PBXFileReference; fileEncoding = 4; lastKnownFileType = sourcecode.c.h; path = TSSQLiteDB.h; sourceTree = "<group>"; };
		840F7054192A823100CDAFD4 /* TSSQLiteDB.m */ = {isa = PBXFileReference; fileEncoding = 4; lastKnownFileType = sourcecode.c.objc; path = TSSQLiteDB.m; sourceTree = "<group>"; };
		840F7056192A89CE00CDAFD4 /* TSYahooWeather.h */ = {isa = PBXFileReference; fileEncoding = 4; lastKnownFileType = sourcecode.c.h; path = TSYahooWeather.h; sourceTree = "<group>"; };
		840F7057192A89CE00CDAFD4 /* TSYahooWeather.m */ = {isa = PBXFileReference; fileEncoding = 4; lastKnownFileType = sourcecode.c.objc; path = TSYahooWeather.m; sourceTree = "<group>"; };
		840F7059192A94F700CDAFD4 /* TSSettings.h */ = {isa = PBXFileReference; fileEncoding = 4; lastKnownFileType = sourcecode.c.h; path = TSSettings.h; sourceTree = "<group>"; };
		840F705A192A94F700CDAFD4 /* TSSettings.m */ = {isa = PBXFileReference; fileEncoding = 4; lastKnownFileType = sourcecode.c.objc; path = TSSettings.m; sourceTree = "<group>"; };
		840F712E192F897700CDAFD4 /* TSHistoriController.h */ = {isa = PBXFileReference; fileEncoding = 4; lastKnownFileType = sourcecode.c.h; name = TSHistoriController.h; path = ../TSHistoriController.h; sourceTree = "<group>"; };
		840F712F192F897700CDAFD4 /* TSHistoriController.m */ = {isa = PBXFileReference; fileEncoding = 4; lastKnownFileType = sourcecode.c.objc; name = TSHistoriController.m; path = ../TSHistoriController.m; sourceTree = "<group>"; };
		8421EA25192389E3001465BB /* CoreData.framework */ = {isa = PBXFileReference; lastKnownFileType = wrapper.framework; name = CoreData.framework; path = System/Library/Frameworks/CoreData.framework; sourceTree = SDKROOT; };
		8421EA27192398C6001465BB /* TSDB.h */ = {isa = PBXFileReference; fileEncoding = 4; lastKnownFileType = sourcecode.c.h; path = TSDB.h; sourceTree = "<group>"; };
		8421EA28192398C6001465BB /* TSDB.m */ = {isa = PBXFileReference; fileEncoding = 4; lastKnownFileType = sourcecode.c.objc; path = TSDB.m; sourceTree = "<group>"; };
		8424BAA619228AD500BCE56F /* Weather.app */ = {isa = PBXFileReference; explicitFileType = wrapper.application; includeInIndex = 0; path = Weather.app; sourceTree = BUILT_PRODUCTS_DIR; };
		8424BAA919228AD500BCE56F /* Foundation.framework */ = {isa = PBXFileReference; lastKnownFileType = wrapper.framework; name = Foundation.framework; path = System/Library/Frameworks/Foundation.framework; sourceTree = SDKROOT; };
		8424BAAB19228AD500BCE56F /* CoreGraphics.framework */ = {isa = PBXFileReference; lastKnownFileType = wrapper.framework; name = CoreGraphics.framework; path = System/Library/Frameworks/CoreGraphics.framework; sourceTree = SDKROOT; };
		8424BAAD19228AD500BCE56F /* UIKit.framework */ = {isa = PBXFileReference; lastKnownFileType = wrapper.framework; name = UIKit.framework; path = System/Library/Frameworks/UIKit.framework; sourceTree = SDKROOT; };
		8424BAB119228AD500BCE56F /* Weather-Info.plist */ = {isa = PBXFileReference; lastKnownFileType = text.plist.xml; path = "Weather-Info.plist"; sourceTree = "<group>"; };
		8424BAB319228AD500BCE56F /* en */ = {isa = PBXFileReference; lastKnownFileType = text.plist.strings; name = en; path = en.lproj/InfoPlist.strings; sourceTree = "<group>"; };
		8424BAB519228AD500BCE56F /* main.m */ = {isa = PBXFileReference; lastKnownFileType = sourcecode.c.objc; path = main.m; sourceTree = "<group>"; };
		8424BAB719228AD500BCE56F /* Weather-Prefix.pch */ = {isa = PBXFileReference; lastKnownFileType = sourcecode.c.h; path = "Weather-Prefix.pch"; sourceTree = "<group>"; };
		8424BAB819228AD500BCE56F /* TSAppDelegate.h */ = {isa = PBXFileReference; lastKnownFileType = sourcecode.c.h; path = TSAppDelegate.h; sourceTree = "<group>"; };
		8424BAB919228AD500BCE56F /* TSAppDelegate.m */ = {isa = PBXFileReference; lastKnownFileType = sourcecode.c.objc; path = TSAppDelegate.m; sourceTree = "<group>"; };
		8424BABC19228AD500BCE56F /* Base */ = {isa = PBXFileReference; lastKnownFileType = file.storyboard; name = Base; path = Base.lproj/Main_iPhone.storyboard; sourceTree = "<group>"; };
		8424BABF19228AD500BCE56F /* Base */ = {isa = PBXFileReference; lastKnownFileType = file.storyboard; name = Base; path = Base.lproj/Main_iPad.storyboard; sourceTree = "<group>"; };
		8424BAC119228AD500BCE56F /* TSFirstViewController.h */ = {isa = PBXFileReference; lastKnownFileType = sourcecode.c.h; path = TSFirstViewController.h; sourceTree = "<group>"; };
		8424BAC219228AD500BCE56F /* TSFirstViewController.m */ = {isa = PBXFileReference; lastKnownFileType = sourcecode.c.objc; path = TSFirstViewController.m; sourceTree = "<group>"; };
		8424BAC419228AD500BCE56F /* TSSecondViewController.h */ = {isa = PBXFileReference; lastKnownFileType = sourcecode.c.h; path = TSSecondViewController.h; sourceTree = "<group>"; };
		8424BAC519228AD500BCE56F /* TSSecondViewController.m */ = {isa = PBXFileReference; lastKnownFileType = sourcecode.c.objc; path = TSSecondViewController.m; sourceTree = "<group>"; };
		8424BAC719228AD500BCE56F /* Images.xcassets */ = {isa = PBXFileReference; lastKnownFileType = folder.assetcatalog; path = Images.xcassets; sourceTree = "<group>"; };
		8424BACD19228AD500BCE56F /* WeatherTests.xctest */ = {isa = PBXFileReference; explicitFileType = wrapper.cfbundle; includeInIndex = 0; path = WeatherTests.xctest; sourceTree = BUILT_PRODUCTS_DIR; };
		8424BACE19228AD500BCE56F /* XCTest.framework */ = {isa = PBXFileReference; lastKnownFileType = wrapper.framework; name = XCTest.framework; path = Library/Frameworks/XCTest.framework; sourceTree = DEVELOPER_DIR; };
		8424BAD619228AD500BCE56F /* WeatherTests-Info.plist */ = {isa = PBXFileReference; lastKnownFileType = text.plist.xml; path = "WeatherTests-Info.plist"; sourceTree = "<group>"; };
		8424BAD819228AD500BCE56F /* en */ = {isa = PBXFileReference; lastKnownFileType = text.plist.strings; name = en; path = en.lproj/InfoPlist.strings; sourceTree = "<group>"; };
		8424BADA19228AD500BCE56F /* WeatherTests.m */ = {isa = PBXFileReference; lastKnownFileType = sourcecode.c.objc; path = WeatherTests.m; sourceTree = "<group>"; };
		8424BAE519228C6200BCE56F /* Db.png */ = {isa = PBXFileReference; lastKnownFileType = image.png; name = Db.png; path = Image/Db.png; sourceTree = "<group>"; };
		8424BAE619228C6200BCE56F /* Setings.png */ = {isa = PBXFileReference; lastKnownFileType = image.png; name = Setings.png; path = Image/Setings.png; sourceTree = "<group>"; };
		8424BAE719228C6200BCE56F /* Wather1.png */ = {isa = PBXFileReference; lastKnownFileType = image.png; name = Wather1.png; path = Image/Wather1.png; sourceTree = "<group>"; };
		8424BAEC1922919D00BCE56F /* TSXMLParser.h */ = {isa = PBXFileReference; fileEncoding = 4; lastKnownFileType = sourcecode.c.h; path = TSXMLParser.h; sourceTree = "<group>"; };
		8424BAED1922919D00BCE56F /* TSXMLParser.m */ = {isa = PBXFileReference; fileEncoding = 4; lastKnownFileType = sourcecode.c.objc; path = TSXMLParser.m; sourceTree = "<group>"; };
		849D0591196FF0C400B25E5E /* TSCoreDataDB.h */ = {isa = PBXFileReference; fileEncoding = 4; lastKnownFileType = sourcecode.c.h; path = TSCoreDataDB.h; sourceTree = "<group>"; };
		849D0592196FF0C400B25E5E /* TSCoreDataDB.m */ = {isa = PBXFileReference; fileEncoding = 4; lastKnownFileType = sourcecode.c.objc; path = TSCoreDataDB.m; sourceTree = "<group>"; };
		849D0594197015E600B25E5E /* TSBaseDB.h */ = {isa = PBXFileReference; fileEncoding = 4; lastKnownFileType = sourcecode.c.h; path = TSBaseDB.h; sourceTree = "<group>"; };
		849D0595197015E600B25E5E /* TSBaseDB.m */ = {isa = PBXFileReference; fileEncoding = 4; lastKnownFileType = sourcecode.c.objc; path = TSBaseDB.m; sourceTree = "<group>"; };
		849E3A7A19671539003E40D6 /* FMDatabase+InMemoryOnDiskIO.h */ = {isa = PBXFileReference; fileEncoding = 4; lastKnownFileType = sourcecode.c.h; path = "FMDatabase+InMemoryOnDiskIO.h"; sourceTree = "<group>"; };
		849E3A7B19671539003E40D6 /* FMDatabase+InMemoryOnDiskIO.m */ = {isa = PBXFileReference; fileEncoding = 4; lastKnownFileType = sourcecode.c.objc; path = "FMDatabase+InMemoryOnDiskIO.m"; sourceTree = "<group>"; };
		849E3A7D19671539003E40D6 /* FMDatabase.h */ = {isa = PBXFileReference; fileEncoding = 4; lastKnownFileType = sourcecode.c.h; path = FMDatabase.h; sourceTree = "<group>"; };
		849E3A7E19671539003E40D6 /* FMDatabase.m */ = {isa = PBXFileReference; fileEncoding = 4; lastKnownFileType = sourcecode.c.objc; path = FMDatabase.m; sourceTree = "<group>"; };
		849E3A7F19671539003E40D6 /* FMDatabaseAdditions.h */ = {isa = PBXFileReference; fileEncoding = 4; lastKnownFileType = sourcecode.c.h; path = FMDatabaseAdditions.h; sourceTree = "<group>"; };
		849E3A8019671539003E40D6 /* FMDatabaseAdditions.m */ = {isa = PBXFileReference; fileEncoding = 4; lastKnownFileType = sourcecode.c.objc; path = FMDatabaseAdditions.m; sourceTree = "<group>"; };
		849E3A8119671539003E40D6 /* FMDatabasePool.h */ = {isa = PBXFileReference; fileEncoding = 4; lastKnownFileType = sourcecode.c.h; path = FMDatabasePool.h; sourceTree = "<group>"; };
		849E3A8219671539003E40D6 /* FMDatabasePool.m */ = {isa = PBXFileReference; fileEncoding = 4; lastKnownFileType = sourcecode.c.objc; path = FMDatabasePool.m; sourceTree = "<group>"; };
		849E3A8319671539003E40D6 /* FMDatabaseQueue.h */ = {isa = PBXFileReference; fileEncoding = 4; lastKnownFileType = sourcecode.c.h; path = FMDatabaseQueue.h; sourceTree = "<group>"; };
		849E3A8419671539003E40D6 /* FMDatabaseQueue.m */ = {isa = PBXFileReference; fileEncoding = 4; lastKnownFileType = sourcecode.c.objc; path = FMDatabaseQueue.m; sourceTree = "<group>"; };
		849E3A8519671539003E40D6 /* FMDB.h */ = {isa = PBXFileReference; fileEncoding = 4; lastKnownFileType = sourcecode.c.h; path = FMDB.h; sourceTree = "<group>"; };
		849E3A8619671539003E40D6 /* FMResultSet.h */ = {isa = PBXFileReference; fileEncoding = 4; lastKnownFileType = sourcecode.c.h; path = FMResultSet.h; sourceTree = "<group>"; };
		849E3A8719671539003E40D6 /* FMResultSet.m */ = {isa = PBXFileReference; fileEncoding = 4; lastKnownFileType = sourcecode.c.objc; path = FMResultSet.m; sourceTree = "<group>"; };
		849E3A8919671539003E40D6 /* fmdb_Prefix.pch */ = {isa = PBXFileReference; fileEncoding = 4; lastKnownFileType = sourcecode.c.h; path = fmdb_Prefix.pch; sourceTree = "<group>"; };
		849E3A93196967CA003E40D6 /* libsqlite3.0.dylib */ = {isa = PBXFileReference; lastKnownFileType = "compiled.mach-o.dylib"; name = libsqlite3.0.dylib; path = usr/lib/libsqlite3.0.dylib; sourceTree = SDKROOT; };
		84A05492193460B700EBBD0C /* TSCoreData.xcdatamodel */ = {isa = PBXFileReference; lastKnownFileType = wrapper.xcdatamodel; path = TSCoreData.xcdatamodel; sourceTree = "<group>"; };
/* End PBXFileReference section */

/* Begin PBXFrameworksBuildPhase section */
		8424BAA319228AD500BCE56F /* Frameworks */ = {
			isa = PBXFrameworksBuildPhase;
			buildActionMask = 2147483647;
			files = (
				849E3A94196967CA003E40D6 /* libsqlite3.0.dylib in Frameworks */,
				8421EA26192389E3001465BB /* CoreData.framework in Frameworks */,
				8424BAAC19228AD500BCE56F /* CoreGraphics.framework in Frameworks */,
				8424BAAE19228AD500BCE56F /* UIKit.framework in Frameworks */,
				8424BAAA19228AD500BCE56F /* Foundation.framework in Frameworks */,
			);
			runOnlyForDeploymentPostprocessing = 0;
		};
		8424BACA19228AD500BCE56F /* Frameworks */ = {
			isa = PBXFrameworksBuildPhase;
			buildActionMask = 2147483647;
			files = (
				8424BACF19228AD500BCE56F /* XCTest.framework in Frameworks */,
				8424BAD119228AD500BCE56F /* UIKit.framework in Frameworks */,
				8424BAD019228AD500BCE56F /* Foundation.framework in Frameworks */,
			);
			runOnlyForDeploymentPostprocessing = 0;
		};
/* End PBXFrameworksBuildPhase section */

/* Begin PBXGroup section */
		840F7131192FDCBC00CDAFD4 /* DB */ = {
			isa = PBXGroup;
			children = (
				849D0590196DB79000B25E5E /* CoreData */,
				848806CB1959A5DD0063A0C8 /* SQLite */,
				8421EA27192398C6001465BB /* TSDB.h */,
				8421EA28192398C6001465BB /* TSDB.m */,
				849D0594197015E600B25E5E /* TSBaseDB.h */,
				849D0595197015E600B25E5E /* TSBaseDB.m */,
			);
			name = DB;
			sourceTree = "<group>";
		};
		8424BA9D19228AD500BCE56F = {
			isa = PBXGroup;
			children = (
				8424BAAF19228AD500BCE56F /* Weather */,
				8424BAD419228AD500BCE56F /* WeatherTests */,
				8424BAA819228AD500BCE56F /* Frameworks */,
				8424BAA719228AD500BCE56F /* Products */,
			);
			sourceTree = "<group>";
		};
		8424BAA719228AD500BCE56F /* Products */ = {
			isa = PBXGroup;
			children = (
				8424BAA619228AD500BCE56F /* Weather.app */,
				8424BACD19228AD500BCE56F /* WeatherTests.xctest */,
			);
			name = Products;
			sourceTree = "<group>";
		};
		8424BAA819228AD500BCE56F /* Frameworks */ = {
			isa = PBXGroup;
			children = (
				849E3A93196967CA003E40D6 /* libsqlite3.0.dylib */,
				8421EA25192389E3001465BB /* CoreData.framework */,
				8424BAA919228AD500BCE56F /* Foundation.framework */,
				8424BAAB19228AD500BCE56F /* CoreGraphics.framework */,
				8424BAAD19228AD500BCE56F /* UIKit.framework */,
				8424BACE19228AD500BCE56F /* XCTest.framework */,
			);
			name = Frameworks;
			sourceTree = "<group>";
		};
		8424BAAF19228AD500BCE56F /* Weather */ = {
			isa = PBXGroup;
			children = (
				8424BAE419228C4C00BCE56F /* Image */,
				840F7131192FDCBC00CDAFD4 /* DB */,
				8424BAEC1922919D00BCE56F /* TSXMLParser.h */,
				8424BAED1922919D00BCE56F /* TSXMLParser.m */,
				8424BAB819228AD500BCE56F /* TSAppDelegate.h */,
				8424BAB919228AD500BCE56F /* TSAppDelegate.m */,
				840F7056192A89CE00CDAFD4 /* TSYahooWeather.h */,
				840F7057192A89CE00CDAFD4 /* TSYahooWeather.m */,
				840F7059192A94F700CDAFD4 /* TSSettings.h */,
				840F705A192A94F700CDAFD4 /* TSSettings.m */,
				8424BABB19228AD500BCE56F /* Main_iPhone.storyboard */,
				8424BABE19228AD500BCE56F /* Main_iPad.storyboard */,
				8424BAC119228AD500BCE56F /* TSFirstViewController.h */,
				8424BAC219228AD500BCE56F /* TSFirstViewController.m */,
				8424BAC419228AD500BCE56F /* TSSecondViewController.h */,
				8424BAC519228AD500BCE56F /* TSSecondViewController.m */,
				840F712E192F897700CDAFD4 /* TSHistoriController.h */,
				840F712F192F897700CDAFD4 /* TSHistoriController.m */,
				8424BAC719228AD500BCE56F /* Images.xcassets */,
				8424BAB019228AD500BCE56F /* Supporting Files */,
			);
			path = Weather;
			sourceTree = "<group>";
		};
		8424BAB019228AD500BCE56F /* Supporting Files */ = {
			isa = PBXGroup;
			children = (
				8424BAB119228AD500BCE56F /* Weather-Info.plist */,
				8424BAB219228AD500BCE56F /* InfoPlist.strings */,
				8424BAB519228AD500BCE56F /* main.m */,
				8424BAB719228AD500BCE56F /* Weather-Prefix.pch */,
			);
			name = "Supporting Files";
			sourceTree = "<group>";
		};
		8424BAD419228AD500BCE56F /* WeatherTests */ = {
			isa = PBXGroup;
			children = (
				8424BADA19228AD500BCE56F /* WeatherTests.m */,
				8424BAD519228AD500BCE56F /* Supporting Files */,
			);
			path = WeatherTests;
			sourceTree = "<group>";
		};
		8424BAD519228AD500BCE56F /* Supporting Files */ = {
			isa = PBXGroup;
			children = (
				8424BAD619228AD500BCE56F /* WeatherTests-Info.plist */,
				8424BAD719228AD500BCE56F /* InfoPlist.strings */,
			);
			name = "Supporting Files";
			sourceTree = "<group>";
		};
		8424BAE419228C4C00BCE56F /* Image */ = {
			isa = PBXGroup;
			children = (
				8424BAE519228C6200BCE56F /* Db.png */,
				8424BAE619228C6200BCE56F /* Setings.png */,
				8424BAE719228C6200BCE56F /* Wather1.png */,
			);
			name = Image;
			sourceTree = "<group>";
		};
		848806CB1959A5DD0063A0C8 /* SQLite */ = {
			isa = PBXGroup;
			children = (
				849E3A7819671539003E40D6 /* fmdb */,
				840F7053192A823100CDAFD4 /* TSSQLiteDB.h */,
				840F7054192A823100CDAFD4 /* TSSQLiteDB.m */,
			);
			name = SQLite;
			sourceTree = "<group>";
		};
		849D0590196DB79000B25E5E /* CoreData */ = {
			isa = PBXGroup;
			children = (
				84A05491193460B700EBBD0C /* TSCoreData.xcdatamodeld */,
				849D0591196FF0C400B25E5E /* TSCoreDataDB.h */,
				849D0592196FF0C400B25E5E /* TSCoreDataDB.m */,
			);
			name = CoreData;
			sourceTree = "<group>";
		};
		849E3A7819671539003E40D6 /* fmdb */ = {
			isa = PBXGroup;
			children = (
				849E3A7919671539003E40D6 /* extra */,
				849E3A7C19671539003E40D6 /* fmdb */,
				849E3A8819671539003E40D6 /* sample */,
			);
			name = fmdb;
			path = src;
			sourceTree = "<group>";
		};
		849E3A7919671539003E40D6 /* extra */ = {
			isa = PBXGroup;
			children = (
				849E3A7A19671539003E40D6 /* FMDatabase+InMemoryOnDiskIO.h */,
				849E3A7B19671539003E40D6 /* FMDatabase+InMemoryOnDiskIO.m */,
			);
			path = extra;
			sourceTree = "<group>";
		};
		849E3A7C19671539003E40D6 /* fmdb */ = {
			isa = PBXGroup;
			children = (
				849E3A7D19671539003E40D6 /* FMDatabase.h */,
				849E3A7E19671539003E40D6 /* FMDatabase.m */,
				849E3A7F19671539003E40D6 /* FMDatabaseAdditions.h */,
				849E3A8019671539003E40D6 /* FMDatabaseAdditions.m */,
				849E3A8119671539003E40D6 /* FMDatabasePool.h */,
				849E3A8219671539003E40D6 /* FMDatabasePool.m */,
				849E3A8319671539003E40D6 /* FMDatabaseQueue.h */,
				849E3A8419671539003E40D6 /* FMDatabaseQueue.m */,
				849E3A8519671539003E40D6 /* FMDB.h */,
				849E3A8619671539003E40D6 /* FMResultSet.h */,
				849E3A8719671539003E40D6 /* FMResultSet.m */,
			);
			path = fmdb;
			sourceTree = "<group>";
		};
		849E3A8819671539003E40D6 /* sample */ = {
			isa = PBXGroup;
			children = (
				849E3A8919671539003E40D6 /* fmdb_Prefix.pch */,
			);
			path = sample;
			sourceTree = "<group>";
		};
/* End PBXGroup section */

/* Begin PBXNativeTarget section */
		8424BAA519228AD500BCE56F /* Weather */ = {
			isa = PBXNativeTarget;
			buildConfigurationList = 8424BADE19228AD500BCE56F /* Build configuration list for PBXNativeTarget "Weather" */;
			buildPhases = (
				8424BAA219228AD500BCE56F /* Sources */,
				8424BAA319228AD500BCE56F /* Frameworks */,
				8424BAA419228AD500BCE56F /* Resources */,
			);
			buildRules = (
			);
			dependencies = (
			);
			name = Weather;
			productName = Weather;
			productReference = 8424BAA619228AD500BCE56F /* Weather.app */;
			productType = "com.apple.product-type.application";
		};
		8424BACC19228AD500BCE56F /* WeatherTests */ = {
			isa = PBXNativeTarget;
			buildConfigurationList = 8424BAE119228AD500BCE56F /* Build configuration list for PBXNativeTarget "WeatherTests" */;
			buildPhases = (
				8424BAC919228AD500BCE56F /* Sources */,
				8424BACA19228AD500BCE56F /* Frameworks */,
				8424BACB19228AD500BCE56F /* Resources */,
			);
			buildRules = (
			);
			dependencies = (
				8424BAD319228AD500BCE56F /* PBXTargetDependency */,
			);
			name = WeatherTests;
			productName = WeatherTests;
			productReference = 8424BACD19228AD500BCE56F /* WeatherTests.xctest */;
			productType = "com.apple.product-type.bundle.unit-test";
		};
/* End PBXNativeTarget section */

/* Begin PBXProject section */
		8424BA9E19228AD500BCE56F /* Project object */ = {
			isa = PBXProject;
			attributes = {
				CLASSPREFIX = TS;
				LastUpgradeCheck = 0510;
				ORGANIZATIONNAME = 123;
				TargetAttributes = {
					8424BACC19228AD500BCE56F = {
						TestTargetID = 8424BAA519228AD500BCE56F;
					};
				};
			};
			buildConfigurationList = 8424BAA119228AD500BCE56F /* Build configuration list for PBXProject "Weather" */;
			compatibilityVersion = "Xcode 3.2";
			developmentRegion = English;
			hasScannedForEncodings = 0;
			knownRegions = (
				en,
				Base,
			);
			mainGroup = 8424BA9D19228AD500BCE56F;
			productRefGroup = 8424BAA719228AD500BCE56F /* Products */;
			projectDirPath = "";
			projectRoot = "";
			targets = (
				8424BAA519228AD500BCE56F /* Weather */,
				8424BACC19228AD500BCE56F /* WeatherTests */,
			);
		};
/* End PBXProject section */

/* Begin PBXResourcesBuildPhase section */
		8424BAA419228AD500BCE56F /* Resources */ = {
			isa = PBXResourcesBuildPhase;
			buildActionMask = 2147483647;
			files = (
				8424BAEA19228C6200BCE56F /* Wather1.png in Resources */,
				8424BAE819228C6200BCE56F /* Db.png in Resources */,
				8424BAC019228AD500BCE56F /* Main_iPad.storyboard in Resources */,
				8424BAC819228AD500BCE56F /* Images.xcassets in Resources */,
				8424BAE919228C6200BCE56F /* Setings.png in Resources */,
				8424BABD19228AD500BCE56F /* Main_iPhone.storyboard in Resources */,
				8424BAB419228AD500BCE56F /* InfoPlist.strings in Resources */,
			);
			runOnlyForDeploymentPostprocessing = 0;
		};
		8424BACB19228AD500BCE56F /* Resources */ = {
			isa = PBXResourcesBuildPhase;
			buildActionMask = 2147483647;
			files = (
				8424BAD919228AD500BCE56F /* InfoPlist.strings in Resources */,
			);
			runOnlyForDeploymentPostprocessing = 0;
		};
/* End PBXResourcesBuildPhase section */

/* Begin PBXSourcesBuildPhase section */
		8424BAA219228AD500BCE56F /* Sources */ = {
			isa = PBXSourcesBuildPhase;
			buildActionMask = 2147483647;
			files = (
				8424BAEE1922919D00BCE56F /* TSXMLParser.m in Sources */,
				840F705B192A94F700CDAFD4 /* TSSettings.m in Sources */,
				849E3A8B19671539003E40D6 /* FMDatabase.m in Sources */,
				840F7058192A89CE00CDAFD4 /* TSYahooWeather.m in Sources */,
				840F7055192A823100CDAFD4 /* TSSQLiteDB.m in Sources */,
				849E3A8C19671539003E40D6 /* FMDatabaseAdditions.m in Sources */,
				8424BAB619228AD500BCE56F /* main.m in Sources */,
				849E3A8D19671539003E40D6 /* FMDatabasePool.m in Sources */,
				84A05493193460B700EBBD0C /* TSCoreData.xcdatamodeld in Sources */,
				849E3A8E19671539003E40D6 /* FMDatabaseQueue.m in Sources */,
				8424BAC619228AD500BCE56F /* TSSecondViewController.m in Sources */,
				8421EA29192398C6001465BB /* TSDB.m in Sources */,
				8424BABA19228AD500BCE56F /* TSAppDelegate.m in Sources */,
				849E3A8F19671539003E40D6 /* FMResultSet.m in Sources */,
				840F7130192F897700CDAFD4 /* TSHistoriController.m in Sources */,
				849D0596197015E600B25E5E /* TSBaseDB.m in Sources */,
				8424BAC319228AD500BCE56F /* TSFirstViewController.m in Sources */,
				849E3A8A19671539003E40D6 /* FMDatabase+InMemoryOnDiskIO.m in Sources */,
				849D0593196FF0C400B25E5E /* TSCoreDataDB.m in Sources */,
			);
			runOnlyForDeploymentPostprocessing = 0;
		};
		8424BAC919228AD500BCE56F /* Sources */ = {
			isa = PBXSourcesBuildPhase;
			buildActionMask = 2147483647;
			files = (
				8424BADB19228AD500BCE56F /* WeatherTests.m in Sources */,
			);
			runOnlyForDeploymentPostprocessing = 0;
		};
/* End PBXSourcesBuildPhase section */

/* Begin PBXTargetDependency section */
		8424BAD319228AD500BCE56F /* PBXTargetDependency */ = {
			isa = PBXTargetDependency;
			target = 8424BAA519228AD500BCE56F /* Weather */;
			targetProxy = 8424BAD219228AD500BCE56F /* PBXContainerItemProxy */;
		};
/* End PBXTargetDependency section */

/* Begin PBXVariantGroup section */
		8424BAB219228AD500BCE56F /* InfoPlist.strings */ = {
			isa = PBXVariantGroup;
			children = (
				8424BAB319228AD500BCE56F /* en */,
			);
			name = InfoPlist.strings;
			sourceTree = "<group>";
		};
		8424BABB19228AD500BCE56F /* Main_iPhone.storyboard */ = {
			isa = PBXVariantGroup;
			children = (
				8424BABC19228AD500BCE56F /* Base */,
			);
			name = Main_iPhone.storyboard;
			sourceTree = "<group>";
		};
		8424BABE19228AD500BCE56F /* Main_iPad.storyboard */ = {
			isa = PBXVariantGroup;
			children = (
				8424BABF19228AD500BCE56F /* Base */,
			);
			name = Main_iPad.storyboard;
			sourceTree = "<group>";
		};
		8424BAD719228AD500BCE56F /* InfoPlist.strings */ = {
			isa = PBXVariantGroup;
			children = (
				8424BAD819228AD500BCE56F /* en */,
			);
			name = InfoPlist.strings;
			sourceTree = "<group>";
		};
/* End PBXVariantGroup section */

/* Begin XCBuildConfiguration section */
		8424BADC19228AD500BCE56F /* Debug */ = {
			isa = XCBuildConfiguration;
			buildSettings = {
				ALWAYS_SEARCH_USER_PATHS = NO;
				CLANG_CXX_LANGUAGE_STANDARD = "gnu++0x";
				CLANG_CXX_LIBRARY = "libc++";
				CLANG_ENABLE_MODULES = YES;
				CLANG_ENABLE_OBJC_ARC = YES;
				CLANG_WARN_BOOL_CONVERSION = YES;
				CLANG_WARN_CONSTANT_CONVERSION = YES;
				CLANG_WARN_DIRECT_OBJC_ISA_USAGE = YES_ERROR;
				CLANG_WARN_EMPTY_BODY = YES;
				CLANG_WARN_ENUM_CONVERSION = YES;
				CLANG_WARN_INT_CONVERSION = YES;
				CLANG_WARN_OBJC_ROOT_CLASS = YES_ERROR;
				CLANG_WARN__DUPLICATE_METHOD_MATCH = YES;
				"CODE_SIGN_IDENTITY[sdk=iphoneos*]" = "iPhone Developer";
				COPY_PHASE_STRIP = NO;
				GCC_C_LANGUAGE_STANDARD = gnu99;
				GCC_DYNAMIC_NO_PIC = NO;
				GCC_OPTIMIZATION_LEVEL = 0;
				GCC_PREPROCESSOR_DEFINITIONS = (
					"DEBUG=1",
					"$(inherited)",
				);
				GCC_SYMBOLS_PRIVATE_EXTERN = NO;
				GCC_WARN_64_TO_32_BIT_CONVERSION = YES;
				GCC_WARN_ABOUT_RETURN_TYPE = YES_ERROR;
				GCC_WARN_UNDECLARED_SELECTOR = YES;
				GCC_WARN_UNINITIALIZED_AUTOS = YES_AGGRESSIVE;
				GCC_WARN_UNUSED_FUNCTION = YES;
				GCC_WARN_UNUSED_VARIABLE = YES;
				IPHONEOS_DEPLOYMENT_TARGET = 7.1;
				ONLY_ACTIVE_ARCH = YES;
				SDKROOT = iphoneos;
				TARGETED_DEVICE_FAMILY = "1,2";
			};
			name = Debug;
		};
		8424BADD19228AD500BCE56F /* Release */ = {
			isa = XCBuildConfiguration;
			buildSettings = {
				ALWAYS_SEARCH_USER_PATHS = NO;
				CLANG_CXX_LANGUAGE_STANDARD = "gnu++0x";
				CLANG_CXX_LIBRARY = "libc++";
				CLANG_ENABLE_MODULES = YES;
				CLANG_ENABLE_OBJC_ARC = YES;
				CLANG_WARN_BOOL_CONVERSION = YES;
				CLANG_WARN_CONSTANT_CONVERSION = YES;
				CLANG_WARN_DIRECT_OBJC_ISA_USAGE = YES_ERROR;
				CLANG_WARN_EMPTY_BODY = YES;
				CLANG_WARN_ENUM_CONVERSION = YES;
				CLANG_WARN_INT_CONVERSION = YES;
				CLANG_WARN_OBJC_ROOT_CLASS = YES_ERROR;
				CLANG_WARN__DUPLICATE_METHOD_MATCH = YES;
				"CODE_SIGN_IDENTITY[sdk=iphoneos*]" = "iPhone Developer";
				COPY_PHASE_STRIP = YES;
				ENABLE_NS_ASSERTIONS = NO;
				GCC_C_LANGUAGE_STANDARD = gnu99;
				GCC_WARN_64_TO_32_BIT_CONVERSION = YES;
				GCC_WARN_ABOUT_RETURN_TYPE = YES_ERROR;
				GCC_WARN_UNDECLARED_SELECTOR = YES;
				GCC_WARN_UNINITIALIZED_AUTOS = YES_AGGRESSIVE;
				GCC_WARN_UNUSED_FUNCTION = YES;
				GCC_WARN_UNUSED_VARIABLE = YES;
				IPHONEOS_DEPLOYMENT_TARGET = 7.1;
				SDKROOT = iphoneos;
				TARGETED_DEVICE_FAMILY = "1,2";
				VALIDATE_PRODUCT = YES;
			};
			name = Release;
		};
		8424BADF19228AD500BCE56F /* Debug */ = {
			isa = XCBuildConfiguration;
			buildSettings = {
				ASSETCATALOG_COMPILER_APPICON_NAME = AppIcon;
				ASSETCATALOG_COMPILER_LAUNCHIMAGE_NAME = LaunchImage;
				GCC_PRECOMPILE_PREFIX_HEADER = YES;
				GCC_PREFIX_HEADER = "Weather/Weather-Prefix.pch";
				INFOPLIST_FILE = "Weather/Weather-Info.plist";
				PRODUCT_NAME = "$(TARGET_NAME)";
				WRAPPER_EXTENSION = app;
			};
			name = Debug;
		};
		8424BAE019228AD500BCE56F /* Release */ = {
			isa = XCBuildConfiguration;
			buildSettings = {
				ASSETCATALOG_COMPILER_APPICON_NAME = AppIcon;
				ASSETCATALOG_COMPILER_LAUNCHIMAGE_NAME = LaunchImage;
				GCC_PRECOMPILE_PREFIX_HEADER = YES;
				GCC_PREFIX_HEADER = "Weather/Weather-Prefix.pch";
				INFOPLIST_FILE = "Weather/Weather-Info.plist";
				PRODUCT_NAME = "$(TARGET_NAME)";
				WRAPPER_EXTENSION = app;
			};
			name = Release;
		};
		8424BAE219228AD500BCE56F /* Debug */ = {
			isa = XCBuildConfiguration;
			buildSettings = {
				BUNDLE_LOADER = "$(BUILT_PRODUCTS_DIR)/Weather.app/Weather";
				FRAMEWORK_SEARCH_PATHS = (
					"$(SDKROOT)/Developer/Library/Frameworks",
					"$(inherited)",
					"$(DEVELOPER_FRAMEWORKS_DIR)",
				);
				GCC_PRECOMPILE_PREFIX_HEADER = YES;
				GCC_PREFIX_HEADER = "Weather/Weather-Prefix.pch";
				GCC_PREPROCESSOR_DEFINITIONS = (
					"DEBUG=1",
					"$(inherited)",
				);
				INFOPLIST_FILE = "WeatherTests/WeatherTests-Info.plist";
				PRODUCT_NAME = "$(TARGET_NAME)";
				TEST_HOST = "$(BUNDLE_LOADER)";
				WRAPPER_EXTENSION = xctest;
			};
			name = Debug;
		};
		8424BAE319228AD500BCE56F /* Release */ = {
			isa = XCBuildConfiguration;
			buildSettings = {
				BUNDLE_LOADER = "$(BUILT_PRODUCTS_DIR)/Weather.app/Weather";
				FRAMEWORK_SEARCH_PATHS = (
					"$(SDKROOT)/Developer/Library/Frameworks",
					"$(inherited)",
					"$(DEVELOPER_FRAMEWORKS_DIR)",
				);
				GCC_PRECOMPILE_PREFIX_HEADER = YES;
				GCC_PREFIX_HEADER = "Weather/Weather-Prefix.pch";
				INFOPLIST_FILE = "WeatherTests/WeatherTests-Info.plist";
				PRODUCT_NAME = "$(TARGET_NAME)";
				TEST_HOST = "$(BUNDLE_LOADER)";
				WRAPPER_EXTENSION = xctest;
			};
			name = Release;
		};
/* End XCBuildConfiguration section */

/* Begin XCConfigurationList section */
		8424BAA119228AD500BCE56F /* Build configuration list for PBXProject "Weather" */ = {
			isa = XCConfigurationList;
			buildConfigurations = (
				8424BADC19228AD500BCE56F /* Debug */,
				8424BADD19228AD500BCE56F /* Release */,
			);
			defaultConfigurationIsVisible = 0;
			defaultConfigurationName = Release;
		};
		8424BADE19228AD500BCE56F /* Build configuration list for PBXNativeTarget "Weather" */ = {
			isa = XCConfigurationList;
			buildConfigurations = (
				8424BADF19228AD500BCE56F /* Debug */,
				8424BAE019228AD500BCE56F /* Release */,
			);
			defaultConfigurationIsVisible = 0;
			defaultConfigurationName = Release;
		};
		8424BAE119228AD500BCE56F /* Build configuration list for PBXNativeTarget "WeatherTests" */ = {
			isa = XCConfigurationList;
			buildConfigurations = (
				8424BAE219228AD500BCE56F /* Debug */,
				8424BAE319228AD500BCE56F /* Release */,
			);
			defaultConfigurationIsVisible = 0;
			defaultConfigurationName = Release;
		};
/* End XCConfigurationList section */

/* Begin XCVersionGroup section */
		84A05491193460B700EBBD0C /* TSCoreData.xcdatamodeld */ = {
			isa = XCVersionGroup;
			children = (
				84A05492193460B700EBBD0C /* TSCoreData.xcdatamodel */,
			);
			currentVersion = 84A05492193460B700EBBD0C /* TSCoreData.xcdatamodel */;
			path = TSCoreData.xcdatamodeld;
			sourceTree = "<group>";
			versionGroupType = wrapper.xcdatamodel;
		};
/* End XCVersionGroup section */
	};
	rootObject = 8424BA9E19228AD500BCE56F /* Project object */;
}
